
Microsoft Visual Studio Solution File, Format Version 12.00
# Visual Studio Version 16
VisualStudioVersion = 16.0.30907.101
MinimumVisualStudioVersion = 10.0.40219.1
Project("{FAE04EC0-301F-11D3-BF4B-00C04F79EFBC}") = "ecommerce.API", "ecommerce.API\ecommerce.API.csproj", "{37C9665A-814F-4F84-BE55-CFD16A1C6FA5}"
EndProject
Global
	GlobalSection(SolutionConfigurationPlatforms) = preSolution
		Debug|Any CPU = Debug|Any CPU
		Release|Any CPU = Release|Any CPU
	EndGlobalSection
	GlobalSection(ProjectConfigurationPlatforms) = postSolution
		{37C9665A-814F-4F84-BE55-CFD16A1C6FA5}.Debug|Any CPU.ActiveCfg = Debug|Any CPU
		{37C9665A-814F-4F84-BE55-CFD16A1C6FA5}.Debug|Any CPU.Build.0 = Debug|Any CPU
		{37C9665A-814F-4F84-BE55-CFD16A1C6FA5}.Release|Any CPU.ActiveCfg = Release|Any CPU
		{37C9665A-814F-4F84-BE55-CFD16A1C6FA5}.Release|Any CPU.Build.0 = Release|Any CPU
	EndGlobalSection
	GlobalSection(SolutionProperties) = preSolution
		HideSolutionNode = FALSE
	EndGlobalSection
	GlobalSection(ExtensibilityGlobals) = postSolution
		SolutionGuid = {5E367D8A-882F-4608-B69A-5BD9BDDDD343}
	EndGlobalSection
EndGlobal
